
Microsoft Visual Studio Solution File, Format Version 12.00
# Visual Studio Version 17
VisualStudioVersion = 17.9.34728.123
MinimumVisualStudioVersion = 10.0.40219.1
Project("{9A19103F-16F7-4668-BE54-9A1E7A4F7556}") = "PatientManagement", "PatientManagement\PatientManagement.csproj", "{90C9A9CF-AFBA-4023-8233-DE7E9D5F1283}"
EndProject
Project("{9A19103F-16F7-4668-BE54-9A1E7A4F7556}") = "AppointmentManagement", "AppointmentManagement\AppointmentManagement.csproj", "{219F8B47-85C0-4991-B902-4ED08B4B604A}"
EndProject
Project("{E53339B2-1760-4266-BCC7-CA923CBCF16C}") = "docker-compose", "docker-compose.dcproj", "{A46406FE-808A-4DAD-86DA-49FA3F43E60C}"
EndProject
Project("{9A19103F-16F7-4668-BE54-9A1E7A4F7556}") = "Consultancy", "Consultancy\Consultancy.csproj", "{3AE479B2-703D-40DA-B367-CB3A14207A3D}"
EndProject
Project("{FAE04EC0-301F-11D3-BF4B-00C04F79EFBC}") = "DossierManagement", "DossierManagement\DossierManagement.csproj", "{74FEEC96-C47B-4A7A-9B5E-B6AB82A7DC52}"
EndProject
Global
	GlobalSection(SolutionConfigurationPlatforms) = preSolution
		Debug|Any CPU = Debug|Any CPU
		Release|Any CPU = Release|Any CPU
	EndGlobalSection
	GlobalSection(ProjectConfigurationPlatforms) = postSolution
		{90C9A9CF-AFBA-4023-8233-DE7E9D5F1283}.Debug|Any CPU.ActiveCfg = Debug|Any CPU
		{90C9A9CF-AFBA-4023-8233-DE7E9D5F1283}.Debug|Any CPU.Build.0 = Debug|Any CPU
		{90C9A9CF-AFBA-4023-8233-DE7E9D5F1283}.Release|Any CPU.ActiveCfg = Release|Any CPU
		{90C9A9CF-AFBA-4023-8233-DE7E9D5F1283}.Release|Any CPU.Build.0 = Release|Any CPU
		{219F8B47-85C0-4991-B902-4ED08B4B604A}.Debug|Any CPU.ActiveCfg = Debug|Any CPU
		{219F8B47-85C0-4991-B902-4ED08B4B604A}.Debug|Any CPU.Build.0 = Debug|Any CPU
		{219F8B47-85C0-4991-B902-4ED08B4B604A}.Release|Any CPU.ActiveCfg = Release|Any CPU
		{219F8B47-85C0-4991-B902-4ED08B4B604A}.Release|Any CPU.Build.0 = Release|Any CPU
		{A46406FE-808A-4DAD-86DA-49FA3F43E60C}.Debug|Any CPU.ActiveCfg = Debug|Any CPU
		{A46406FE-808A-4DAD-86DA-49FA3F43E60C}.Debug|Any CPU.Build.0 = Debug|Any CPU
		{A46406FE-808A-4DAD-86DA-49FA3F43E60C}.Release|Any CPU.ActiveCfg = Release|Any CPU
		{A46406FE-808A-4DAD-86DA-49FA3F43E60C}.Release|Any CPU.Build.0 = Release|Any CPU
		{74FEEC96-C47B-4A7A-9B5E-B6AB82A7DC52}.Debug|Any CPU.ActiveCfg = Debug|Any CPU
		{74FEEC96-C47B-4A7A-9B5E-B6AB82A7DC52}.Debug|Any CPU.Build.0 = Debug|Any CPU
		{74FEEC96-C47B-4A7A-9B5E-B6AB82A7DC52}.Release|Any CPU.ActiveCfg = Release|Any CPU
		{74FEEC96-C47B-4A7A-9B5E-B6AB82A7DC52}.Release|Any CPU.Build.0 = Release|Any CPU
		{3AE479B2-703D-40DA-B367-CB3A14207A3D}.Debug|Any CPU.ActiveCfg = Debug|Any CPU
		{3AE479B2-703D-40DA-B367-CB3A14207A3D}.Debug|Any CPU.Build.0 = Debug|Any CPU
		{3AE479B2-703D-40DA-B367-CB3A14207A3D}.Release|Any CPU.ActiveCfg = Release|Any CPU
		{3AE479B2-703D-40DA-B367-CB3A14207A3D}.Release|Any CPU.Build.0 = Release|Any CPU
	EndGlobalSection
	GlobalSection(SolutionProperties) = preSolution
		HideSolutionNode = FALSE
	EndGlobalSection
	GlobalSection(ExtensibilityGlobals) = postSolution
		SolutionGuid = {14BECC6A-5D0C-4118-A64B-539447286F4C}
	EndGlobalSection
EndGlobal
