
Microsoft Visual Studio Solution File, Format Version 12.00
# Visual Studio Version 17
VisualStudioVersion = 17.9.34728.123
MinimumVisualStudioVersion = 10.0.40219.1
Project("{9A19103F-16F7-4668-BE54-9A1E7A4F7556}") = "PatientManagement", "PatientManagement\PatientManagement.csproj", "{90C9A9CF-AFBA-4023-8233-DE7E9D5F1283}"
EndProject
Project("{E53339B2-1760-4266-BCC7-CA923CBCF16C}") = "docker-compose", "docker-compose.dcproj", "{A844555C-4CB2-4483-9CD4-1CA4CFA13716}"
EndProject
Global
	GlobalSection(SolutionConfigurationPlatforms) = preSolution
		Debug|Any CPU = Debug|Any CPU
		Release|Any CPU = Release|Any CPU
	EndGlobalSection
	GlobalSection(ProjectConfigurationPlatforms) = postSolution
		{90C9A9CF-AFBA-4023-8233-DE7E9D5F1283}.Debug|Any CPU.ActiveCfg = Debug|Any CPU
		{90C9A9CF-AFBA-4023-8233-DE7E9D5F1283}.Debug|Any CPU.Build.0 = Debug|Any CPU
		{90C9A9CF-AFBA-4023-8233-DE7E9D5F1283}.Release|Any CPU.ActiveCfg = Release|Any CPU
		{90C9A9CF-AFBA-4023-8233-DE7E9D5F1283}.Release|Any CPU.Build.0 = Release|Any CPU
		{A844555C-4CB2-4483-9CD4-1CA4CFA13716}.Debug|Any CPU.ActiveCfg = Debug|Any CPU
		{A844555C-4CB2-4483-9CD4-1CA4CFA13716}.Debug|Any CPU.Build.0 = Debug|Any CPU
		{A844555C-4CB2-4483-9CD4-1CA4CFA13716}.Release|Any CPU.ActiveCfg = Release|Any CPU
		{A844555C-4CB2-4483-9CD4-1CA4CFA13716}.Release|Any CPU.Build.0 = Release|Any CPU
	EndGlobalSection
	GlobalSection(SolutionProperties) = preSolution
		HideSolutionNode = FALSE
	EndGlobalSection
	GlobalSection(ExtensibilityGlobals) = postSolution
		SolutionGuid = {14BECC6A-5D0C-4118-A64B-539447286F4C}
	EndGlobalSection
EndGlobal
