
Microsoft Visual Studio Solution File, Format Version 12.00
# Visual Studio Version 17
VisualStudioVersion = 17.10.34928.147
MinimumVisualStudioVersion = 10.0.40219.1
Project("{FAE04EC0-301F-11D3-BF4B-00C04F79EFBC}") = "Consultancy", "Consultancy\Consultancy.csproj", "{5DCD64ED-EDE1-4C94-A855-CADA3391B082}"
EndProject
Global
	GlobalSection(SolutionConfigurationPlatforms) = preSolution
		Debug|Any CPU = Debug|Any CPU
		Release|Any CPU = Release|Any CPU
	EndGlobalSection
	GlobalSection(ProjectConfigurationPlatforms) = postSolution
		{5DCD64ED-EDE1-4C94-A855-CADA3391B082}.Debug|Any CPU.ActiveCfg = Debug|Any CPU
		{5DCD64ED-EDE1-4C94-A855-CADA3391B082}.Debug|Any CPU.Build.0 = Debug|Any CPU
		{5DCD64ED-EDE1-4C94-A855-CADA3391B082}.Release|Any CPU.ActiveCfg = Release|Any CPU
		{5DCD64ED-EDE1-4C94-A855-CADA3391B082}.Release|Any CPU.Build.0 = Release|Any CPU
	EndGlobalSection
	GlobalSection(SolutionProperties) = preSolution
		HideSolutionNode = FALSE
	EndGlobalSection
	GlobalSection(ExtensibilityGlobals) = postSolution
		SolutionGuid = {234E9362-3449-49FF-8514-E5495C7BA946}
	EndGlobalSection
EndGlobal
